// !$*UTF8*$!
{
	archiveVersion = 1;
	classes = {
	};
	objectVersion = 56;
	objects = {

/* Begin PBXBuildFile section */
		1938F65D2AF5F4390090E36F /* MarketplaceView.swift in Sources */ = {isa = PBXBuildFile; fileRef = 1938F65C2AF5F4390090E36F /* MarketplaceView.swift */; };
		1938F65F2AF5F4E80090E36F /* HeaderCategoriesView.swift in Sources */ = {isa = PBXBuildFile; fileRef = 1938F65E2AF5F4E80090E36F /* HeaderCategoriesView.swift */; };
		1938F6612AF616810090E36F /* MarketProductCell.swift in Sources */ = {isa = PBXBuildFile; fileRef = 1938F6602AF616810090E36F /* MarketProductCell.swift */; };
		1938F6642AF617EF0090E36F /* NotificationsView.swift in Sources */ = {isa = PBXBuildFile; fileRef = 1938F6632AF617EF0090E36F /* NotificationsView.swift */; };
		1938F6662AF619B20090E36F /* NotificationCell.swift in Sources */ = {isa = PBXBuildFile; fileRef = 1938F6652AF619B20090E36F /* NotificationCell.swift */; };
		1938F6692AF625E00090E36F /* MenuView.swift in Sources */ = {isa = PBXBuildFile; fileRef = 1938F6682AF625E00090E36F /* MenuView.swift */; };
		1938F66B2AF879820090E36F /* MenuHeader.swift in Sources */ = {isa = PBXBuildFile; fileRef = 1938F66A2AF879820090E36F /* MenuHeader.swift */; };
		1938F66F2AF89C5A0090E36F /* GroupShortcuts.swift in Sources */ = {isa = PBXBuildFile; fileRef = 1938F66E2AF89C5A0090E36F /* GroupShortcuts.swift */; };
		1938F6712AF89C7E0090E36F /* AllShortcuts.swift in Sources */ = {isa = PBXBuildFile; fileRef = 1938F6702AF89C7E0090E36F /* AllShortcuts.swift */; };
		1955CFE22AF8DAE100148BEE /* SettingsCell.swift in Sources */ = {isa = PBXBuildFile; fileRef = 1955CFE12AF8DAE100148BEE /* SettingsCell.swift */; };
		19CF3CDD2AF4EAA000F21E87 /* FacebookCloneSwiftUIApp.swift in Sources */ = {isa = PBXBuildFile; fileRef = 19CF3CDC2AF4EAA000F21E87 /* FacebookCloneSwiftUIApp.swift */; };
		19CF3CDF2AF4EAA000F21E87 /* ContentView.swift in Sources */ = {isa = PBXBuildFile; fileRef = 19CF3CDE2AF4EAA000F21E87 /* ContentView.swift */; };
		19CF3CE12AF4EAA200F21E87 /* Assets.xcassets in Resources */ = {isa = PBXBuildFile; fileRef = 19CF3CE02AF4EAA200F21E87 /* Assets.xcassets */; };
		19CF3CE42AF4EAA200F21E87 /* Preview Assets.xcassets in Resources */ = {isa = PBXBuildFile; fileRef = 19CF3CE32AF4EAA200F21E87 /* Preview Assets.xcassets */; };
		19CF3CF22AF4F10C00F21E87 /* HomeView.swift in Sources */ = {isa = PBXBuildFile; fileRef = 19CF3CF12AF4F10C00F21E87 /* HomeView.swift */; };
		19CF3CF52AF4FBD500F21E87 /* MockData.swift in Sources */ = {isa = PBXBuildFile; fileRef = 19CF3CF42AF4FBD500F21E87 /* MockData.swift */; };
		19CF3CF82AF5115A00F21E87 /* CreatePostView.swift in Sources */ = {isa = PBXBuildFile; fileRef = 19CF3CF72AF5115900F21E87 /* CreatePostView.swift */; };
		19CF3CFA2AF5116400F21E87 /* ReelsView.swift in Sources */ = {isa = PBXBuildFile; fileRef = 19CF3CF92AF5116400F21E87 /* ReelsView.swift */; };
		19CF3CFC2AF511A400F21E87 /* PostView.swift in Sources */ = {isa = PBXBuildFile; fileRef = 19CF3CFB2AF511A400F21E87 /* PostView.swift */; };
		19CF3D002AF518F900F21E87 /* FriendsView.swift in Sources */ = {isa = PBXBuildFile; fileRef = 19CF3CFF2AF518F900F21E87 /* FriendsView.swift */; };
		19CF3D022AF5292300F21E87 /* FriendRequestCell.swift in Sources */ = {isa = PBXBuildFile; fileRef = 19CF3D012AF5292300F21E87 /* FriendRequestCell.swift */; };
/* End PBXBuildFile section */

/* Begin PBXFileReference section */
		1938F65C2AF5F4390090E36F /* MarketplaceView.swift */ = {isa = PBXFileReference; lastKnownFileType = sourcecode.swift; path = MarketplaceView.swift; sourceTree = "<group>"; };
		1938F65E2AF5F4E80090E36F /* HeaderCategoriesView.swift */ = {isa = PBXFileReference; lastKnownFileType = sourcecode.swift; path = HeaderCategoriesView.swift; sourceTree = "<group>"; };
		1938F6602AF616810090E36F /* MarketProductCell.swift */ = {isa = PBXFileReference; lastKnownFileType = sourcecode.swift; path = MarketProductCell.swift; sourceTree = "<group>"; };
		1938F6632AF617EF0090E36F /* NotificationsView.swift */ = {isa = PBXFileReference; lastKnownFileType = sourcecode.swift; path = NotificationsView.swift; sourceTree = "<group>"; };
		1938F6652AF619B20090E36F /* NotificationCell.swift */ = {isa = PBXFileReference; lastKnownFileType = sourcecode.swift; path = NotificationCell.swift; sourceTree = "<group>"; };
		1938F6682AF625E00090E36F /* MenuView.swift */ = {isa = PBXFileReference; lastKnownFileType = sourcecode.swift; path = MenuView.swift; sourceTree = "<group>"; };
		1938F66A2AF879820090E36F /* MenuHeader.swift */ = {isa = PBXFileReference; lastKnownFileType = sourcecode.swift; path = MenuHeader.swift; sourceTree = "<group>"; };
		1938F66E2AF89C5A0090E36F /* GroupShortcuts.swift */ = {isa = PBXFileReference; lastKnownFileType = sourcecode.swift; path = GroupShortcuts.swift; sourceTree = "<group>"; };
		1938F6702AF89C7E0090E36F /* AllShortcuts.swift */ = {isa = PBXFileReference; lastKnownFileType = sourcecode.swift; path = AllShortcuts.swift; sourceTree = "<group>"; };
		1955CFE12AF8DAE100148BEE /* SettingsCell.swift */ = {isa = PBXFileReference; lastKnownFileType = sourcecode.swift; path = SettingsCell.swift; sourceTree = "<group>"; };
		19CF3CD92AF4EAA000F21E87 /* FacebookCloneSwiftUI.app */ = {isa = PBXFileReference; explicitFileType = wrapper.application; includeInIndex = 0; path = FacebookCloneSwiftUI.app; sourceTree = BUILT_PRODUCTS_DIR; };
		19CF3CDC2AF4EAA000F21E87 /* FacebookCloneSwiftUIApp.swift */ = {isa = PBXFileReference; lastKnownFileType = sourcecode.swift; path = FacebookCloneSwiftUIApp.swift; sourceTree = "<group>"; };
		19CF3CDE2AF4EAA000F21E87 /* ContentView.swift */ = {isa = PBXFileReference; lastKnownFileType = sourcecode.swift; path = ContentView.swift; sourceTree = "<group>"; };
		19CF3CE02AF4EAA200F21E87 /* Assets.xcassets */ = {isa = PBXFileReference; lastKnownFileType = folder.assetcatalog; path = Assets.xcassets; sourceTree = "<group>"; };
		19CF3CE32AF4EAA200F21E87 /* Preview Assets.xcassets */ = {isa = PBXFileReference; lastKnownFileType = folder.assetcatalog; path = "Preview Assets.xcassets"; sourceTree = "<group>"; };
		19CF3CF12AF4F10C00F21E87 /* HomeView.swift */ = {isa = PBXFileReference; lastKnownFileType = sourcecode.swift; path = HomeView.swift; sourceTree = "<group>"; };
		19CF3CF42AF4FBD500F21E87 /* MockData.swift */ = {isa = PBXFileReference; lastKnownFileType = sourcecode.swift; path = MockData.swift; sourceTree = "<group>"; };
		19CF3CF72AF5115900F21E87 /* CreatePostView.swift */ = {isa = PBXFileReference; lastKnownFileType = sourcecode.swift; path = CreatePostView.swift; sourceTree = "<group>"; };
		19CF3CF92AF5116400F21E87 /* ReelsView.swift */ = {isa = PBXFileReference; lastKnownFileType = sourcecode.swift; path = ReelsView.swift; sourceTree = "<group>"; };
		19CF3CFB2AF511A400F21E87 /* PostView.swift */ = {isa = PBXFileReference; lastKnownFileType = sourcecode.swift; path = PostView.swift; sourceTree = "<group>"; };
		19CF3CFF2AF518F900F21E87 /* FriendsView.swift */ = {isa = PBXFileReference; lastKnownFileType = sourcecode.swift; path = FriendsView.swift; sourceTree = "<group>"; };
		19CF3D012AF5292300F21E87 /* FriendRequestCell.swift */ = {isa = PBXFileReference; lastKnownFileType = sourcecode.swift; path = FriendRequestCell.swift; sourceTree = "<group>"; };
/* End PBXFileReference section */

/* Begin PBXFrameworksBuildPhase section */
		19CF3CD62AF4EAA000F21E87 /* Frameworks */ = {
			isa = PBXFrameworksBuildPhase;
			buildActionMask = 2147483647;
			files = (
			);
			runOnlyForDeploymentPostprocessing = 0;
		};
/* End PBXFrameworksBuildPhase section */

/* Begin PBXGroup section */
		1938F65B2AF5F42F0090E36F /* Marketplace */ = {
			isa = PBXGroup;
			children = (
				1938F65C2AF5F4390090E36F /* MarketplaceView.swift */,
				1938F6602AF616810090E36F /* MarketProductCell.swift */,
			);
			path = Marketplace;
			sourceTree = "<group>";
		};
		1938F6622AF617E40090E36F /* Notifications */ = {
			isa = PBXGroup;
			children = (
				1938F6632AF617EF0090E36F /* NotificationsView.swift */,
				1938F6652AF619B20090E36F /* NotificationCell.swift */,
			);
			path = Notifications;
			sourceTree = "<group>";
		};
		1938F6672AF625D80090E36F /* Menu */ = {
			isa = PBXGroup;
			children = (
				1938F6682AF625E00090E36F /* MenuView.swift */,
				1938F66A2AF879820090E36F /* MenuHeader.swift */,
				1938F66E2AF89C5A0090E36F /* GroupShortcuts.swift */,
				1938F6702AF89C7E0090E36F /* AllShortcuts.swift */,
				1955CFE12AF8DAE100148BEE /* SettingsCell.swift */,
			);
			path = Menu;
			sourceTree = "<group>";
		};
		19CF3CD02AF4EAA000F21E87 = {
			isa = PBXGroup;
			children = (
				19CF3CDB2AF4EAA000F21E87 /* FacebookCloneSwiftUI */,
				19CF3CDA2AF4EAA000F21E87 /* Products */,
			);
			sourceTree = "<group>";
		};
		19CF3CDA2AF4EAA000F21E87 /* Products */ = {
			isa = PBXGroup;
			children = (
				19CF3CD92AF4EAA000F21E87 /* FacebookCloneSwiftUI.app */,
			);
			name = Products;
			sourceTree = "<group>";
		};
		19CF3CDB2AF4EAA000F21E87 /* FacebookCloneSwiftUI */ = {
			isa = PBXGroup;
			children = (
				19CF3CE02AF4EAA200F21E87 /* Assets.xcassets */,
				19CF3CDC2AF4EAA000F21E87 /* FacebookCloneSwiftUIApp.swift */,
				19CF3CDE2AF4EAA000F21E87 /* ContentView.swift */,
				19CF3CFE2AF518E800F21E87 /* Screens */,
				19CF3CF32AF4FBCA00F21E87 /* Utils */,
				19CF3CE22AF4EAA200F21E87 /* Preview Content */,
			);
			path = FacebookCloneSwiftUI;
			sourceTree = "<group>";
		};
		19CF3CE22AF4EAA200F21E87 /* Preview Content */ = {
			isa = PBXGroup;
			children = (
				19CF3CE32AF4EAA200F21E87 /* Preview Assets.xcassets */,
			);
			path = "Preview Content";
			sourceTree = "<group>";
		};
		19CF3CF02AF4F10100F21E87 /* Home */ = {
			isa = PBXGroup;
			children = (
				19CF3CF12AF4F10C00F21E87 /* HomeView.swift */,
				19CF3CF72AF5115900F21E87 /* CreatePostView.swift */,
				19CF3CF92AF5116400F21E87 /* ReelsView.swift */,
				19CF3CFB2AF511A400F21E87 /* PostView.swift */,
			);
			path = Home;
			sourceTree = "<group>";
		};
		19CF3CF32AF4FBCA00F21E87 /* Utils */ = {
			isa = PBXGroup;
			children = (
				19CF3CF42AF4FBD500F21E87 /* MockData.swift */,
			);
			path = Utils;
			sourceTree = "<group>";
		};
		19CF3CFD2AF518DF00F21E87 /* Friends */ = {
			isa = PBXGroup;
			children = (
				19CF3CFF2AF518F900F21E87 /* FriendsView.swift */,
				19CF3D012AF5292300F21E87 /* FriendRequestCell.swift */,
				1938F65E2AF5F4E80090E36F /* HeaderCategoriesView.swift */,
			);
			path = Friends;
			sourceTree = "<group>";
		};
		19CF3CFE2AF518E800F21E87 /* Screens */ = {
			isa = PBXGroup;
			children = (
				19CF3CF02AF4F10100F21E87 /* Home */,
				19CF3CFD2AF518DF00F21E87 /* Friends */,
				1938F65B2AF5F42F0090E36F /* Marketplace */,
				1938F6622AF617E40090E36F /* Notifications */,
				1938F6672AF625D80090E36F /* Menu */,
			);
			path = Screens;
			sourceTree = "<group>";
		};
/* End PBXGroup section */

/* Begin PBXNativeTarget section */
		19CF3CD82AF4EAA000F21E87 /* FacebookCloneSwiftUI */ = {
			isa = PBXNativeTarget;
			buildConfigurationList = 19CF3CE72AF4EAA200F21E87 /* Build configuration list for PBXNativeTarget "FacebookCloneSwiftUI" */;
			buildPhases = (
				19CF3CD52AF4EAA000F21E87 /* Sources */,
				19CF3CD62AF4EAA000F21E87 /* Frameworks */,
				19CF3CD72AF4EAA000F21E87 /* Resources */,
			);
			buildRules = (
			);
			dependencies = (
			);
			name = FacebookCloneSwiftUI;
			productName = FacebookCloneSwiftUI;
			productReference = 19CF3CD92AF4EAA000F21E87 /* FacebookCloneSwiftUI.app */;
			productType = "com.apple.product-type.application";
		};
/* End PBXNativeTarget section */

/* Begin PBXProject section */
		19CF3CD12AF4EAA000F21E87 /* Project object */ = {
			isa = PBXProject;
			attributes = {
				BuildIndependentTargetsInParallel = 1;
				LastSwiftUpdateCheck = 1500;
				LastUpgradeCheck = 1500;
				TargetAttributes = {
					19CF3CD82AF4EAA000F21E87 = {
						CreatedOnToolsVersion = 15.0;
					};
				};
			};
			buildConfigurationList = 19CF3CD42AF4EAA000F21E87 /* Build configuration list for PBXProject "FacebookCloneSwiftUI" */;
			compatibilityVersion = "Xcode 14.0";
			developmentRegion = en;
			hasScannedForEncodings = 0;
			knownRegions = (
				en,
				Base,
			);
			mainGroup = 19CF3CD02AF4EAA000F21E87;
			productRefGroup = 19CF3CDA2AF4EAA000F21E87 /* Products */;
			projectDirPath = "";
			projectRoot = "";
			targets = (
				19CF3CD82AF4EAA000F21E87 /* FacebookCloneSwiftUI */,
			);
		};
/* End PBXProject section */

/* Begin PBXResourcesBuildPhase section */
		19CF3CD72AF4EAA000F21E87 /* Resources */ = {
			isa = PBXResourcesBuildPhase;
			buildActionMask = 2147483647;
			files = (
				19CF3CE42AF4EAA200F21E87 /* Preview Assets.xcassets in Resources */,
				19CF3CE12AF4EAA200F21E87 /* Assets.xcassets in Resources */,
			);
			runOnlyForDeploymentPostprocessing = 0;
		};
/* End PBXResourcesBuildPhase section */

/* Begin PBXSourcesBuildPhase section */
		19CF3CD52AF4EAA000F21E87 /* Sources */ = {
			isa = PBXSourcesBuildPhase;
			buildActionMask = 2147483647;
			files = (
				19CF3CFC2AF511A400F21E87 /* PostView.swift in Sources */,
				19CF3CF82AF5115A00F21E87 /* CreatePostView.swift in Sources */,
				1938F6712AF89C7E0090E36F /* AllShortcuts.swift in Sources */,
				1938F65F2AF5F4E80090E36F /* HeaderCategoriesView.swift in Sources */,
				1938F65D2AF5F4390090E36F /* MarketplaceView.swift in Sources */,
				19CF3D002AF518F900F21E87 /* FriendsView.swift in Sources */,
				19CF3CF22AF4F10C00F21E87 /* HomeView.swift in Sources */,
				1938F6662AF619B20090E36F /* NotificationCell.swift in Sources */,
				1938F66F2AF89C5A0090E36F /* GroupShortcuts.swift in Sources */,
				19CF3D022AF5292300F21E87 /* FriendRequestCell.swift in Sources */,
				1938F6612AF616810090E36F /* MarketProductCell.swift in Sources */,
				1938F66B2AF879820090E36F /* MenuHeader.swift in Sources */,
				19CF3CF52AF4FBD500F21E87 /* MockData.swift in Sources */,
				1955CFE22AF8DAE100148BEE /* SettingsCell.swift in Sources */,
				1938F6692AF625E00090E36F /* MenuView.swift in Sources */,
				19CF3CDF2AF4EAA000F21E87 /* ContentView.swift in Sources */,
				1938F6642AF617EF0090E36F /* NotificationsView.swift in Sources */,
				19CF3CFA2AF5116400F21E87 /* ReelsView.swift in Sources */,
				19CF3CDD2AF4EAA000F21E87 /* FacebookCloneSwiftUIApp.swift in Sources */,
			);
			runOnlyForDeploymentPostprocessing = 0;
		};
/* End PBXSourcesBuildPhase section */

/* Begin XCBuildConfiguration section */
		19CF3CE52AF4EAA200F21E87 /* Debug */ = {
			isa = XCBuildConfiguration;
			buildSettings = {
				ALWAYS_SEARCH_USER_PATHS = NO;
				ASSETCATALOG_COMPILER_GENERATE_SWIFT_ASSET_SYMBOL_EXTENSIONS = YES;
				CLANG_ANALYZER_NONNULL = YES;
				CLANG_ANALYZER_NUMBER_OBJECT_CONVERSION = YES_AGGRESSIVE;
				CLANG_CXX_LANGUAGE_STANDARD = "gnu++20";
				CLANG_ENABLE_MODULES = YES;
				CLANG_ENABLE_OBJC_ARC = YES;
				CLANG_ENABLE_OBJC_WEAK = YES;
				CLANG_WARN_BLOCK_CAPTURE_AUTORELEASING = YES;
				CLANG_WARN_BOOL_CONVERSION = YES;
				CLANG_WARN_COMMA = YES;
				CLANG_WARN_CONSTANT_CONVERSION = YES;
				CLANG_WARN_DEPRECATED_OBJC_IMPLEMENTATIONS = YES;
				CLANG_WARN_DIRECT_OBJC_ISA_USAGE = YES_ERROR;
				CLANG_WARN_DOCUMENTATION_COMMENTS = YES;
				CLANG_WARN_EMPTY_BODY = YES;
				CLANG_WARN_ENUM_CONVERSION = YES;
				CLANG_WARN_INFINITE_RECURSION = YES;
				CLANG_WARN_INT_CONVERSION = YES;
				CLANG_WARN_NON_LITERAL_NULL_CONVERSION = YES;
				CLANG_WARN_OBJC_IMPLICIT_RETAIN_SELF = YES;
				CLANG_WARN_OBJC_LITERAL_CONVERSION = YES;
				CLANG_WARN_OBJC_ROOT_CLASS = YES_ERROR;
				CLANG_WARN_QUOTED_INCLUDE_IN_FRAMEWORK_HEADER = YES;
				CLANG_WARN_RANGE_LOOP_ANALYSIS = YES;
				CLANG_WARN_STRICT_PROTOTYPES = YES;
				CLANG_WARN_SUSPICIOUS_MOVE = YES;
				CLANG_WARN_UNGUARDED_AVAILABILITY = YES_AGGRESSIVE;
				CLANG_WARN_UNREACHABLE_CODE = YES;
				CLANG_WARN__DUPLICATE_METHOD_MATCH = YES;
				COPY_PHASE_STRIP = NO;
				DEBUG_INFORMATION_FORMAT = dwarf;
				ENABLE_STRICT_OBJC_MSGSEND = YES;
				ENABLE_TESTABILITY = YES;
				ENABLE_USER_SCRIPT_SANDBOXING = YES;
				GCC_C_LANGUAGE_STANDARD = gnu17;
				GCC_DYNAMIC_NO_PIC = NO;
				GCC_NO_COMMON_BLOCKS = YES;
				GCC_OPTIMIZATION_LEVEL = 0;
				GCC_PREPROCESSOR_DEFINITIONS = (
					"DEBUG=1",
					"$(inherited)",
				);
				GCC_WARN_64_TO_32_BIT_CONVERSION = YES;
				GCC_WARN_ABOUT_RETURN_TYPE = YES_ERROR;
				GCC_WARN_UNDECLARED_SELECTOR = YES;
				GCC_WARN_UNINITIALIZED_AUTOS = YES_AGGRESSIVE;
				GCC_WARN_UNUSED_FUNCTION = YES;
				GCC_WARN_UNUSED_VARIABLE = YES;
				IPHONEOS_DEPLOYMENT_TARGET = 17.0;
				LOCALIZATION_PREFERS_STRING_CATALOGS = YES;
				MTL_ENABLE_DEBUG_INFO = INCLUDE_SOURCE;
				MTL_FAST_MATH = YES;
				ONLY_ACTIVE_ARCH = YES;
				SDKROOT = iphoneos;
				SWIFT_ACTIVE_COMPILATION_CONDITIONS = "DEBUG $(inherited)";
				SWIFT_OPTIMIZATION_LEVEL = "-Onone";
			};
			name = Debug;
		};
		19CF3CE62AF4EAA200F21E87 /* Release */ = {
			isa = XCBuildConfiguration;
			buildSettings = {
				ALWAYS_SEARCH_USER_PATHS = NO;
				ASSETCATALOG_COMPILER_GENERATE_SWIFT_ASSET_SYMBOL_EXTENSIONS = YES;
				CLANG_ANALYZER_NONNULL = YES;
				CLANG_ANALYZER_NUMBER_OBJECT_CONVERSION = YES_AGGRESSIVE;
				CLANG_CXX_LANGUAGE_STANDARD = "gnu++20";
				CLANG_ENABLE_MODULES = YES;
				CLANG_ENABLE_OBJC_ARC = YES;
				CLANG_ENABLE_OBJC_WEAK = YES;
				CLANG_WARN_BLOCK_CAPTURE_AUTORELEASING = YES;
				CLANG_WARN_BOOL_CONVERSION = YES;
				CLANG_WARN_COMMA = YES;
				CLANG_WARN_CONSTANT_CONVERSION = YES;
				CLANG_WARN_DEPRECATED_OBJC_IMPLEMENTATIONS = YES;
				CLANG_WARN_DIRECT_OBJC_ISA_USAGE = YES_ERROR;
				CLANG_WARN_DOCUMENTATION_COMMENTS = YES;
				CLANG_WARN_EMPTY_BODY = YES;
				CLANG_WARN_ENUM_CONVERSION = YES;
				CLANG_WARN_INFINITE_RECURSION = YES;
				CLANG_WARN_INT_CONVERSION = YES;
				CLANG_WARN_NON_LITERAL_NULL_CONVERSION = YES;
				CLANG_WARN_OBJC_IMPLICIT_RETAIN_SELF = YES;
				CLANG_WARN_OBJC_LITERAL_CONVERSION = YES;
				CLANG_WARN_OBJC_ROOT_CLASS = YES_ERROR;
				CLANG_WARN_QUOTED_INCLUDE_IN_FRAMEWORK_HEADER = YES;
				CLANG_WARN_RANGE_LOOP_ANALYSIS = YES;
				CLANG_WARN_STRICT_PROTOTYPES = YES;
				CLANG_WARN_SUSPICIOUS_MOVE = YES;
				CLANG_WARN_UNGUARDED_AVAILABILITY = YES_AGGRESSIVE;
				CLANG_WARN_UNREACHABLE_CODE = YES;
				CLANG_WARN__DUPLICATE_METHOD_MATCH = YES;
				COPY_PHASE_STRIP = NO;
				DEBUG_INFORMATION_FORMAT = "dwarf-with-dsym";
				ENABLE_NS_ASSERTIONS = NO;
				ENABLE_STRICT_OBJC_MSGSEND = YES;
				ENABLE_USER_SCRIPT_SANDBOXING = YES;
				GCC_C_LANGUAGE_STANDARD = gnu17;
				GCC_NO_COMMON_BLOCKS = YES;
				GCC_WARN_64_TO_32_BIT_CONVERSION = YES;
				GCC_WARN_ABOUT_RETURN_TYPE = YES_ERROR;
				GCC_WARN_UNDECLARED_SELECTOR = YES;
				GCC_WARN_UNINITIALIZED_AUTOS = YES_AGGRESSIVE;
				GCC_WARN_UNUSED_FUNCTION = YES;
				GCC_WARN_UNUSED_VARIABLE = YES;
				IPHONEOS_DEPLOYMENT_TARGET = 17.0;
				LOCALIZATION_PREFERS_STRING_CATALOGS = YES;
				MTL_ENABLE_DEBUG_INFO = NO;
				MTL_FAST_MATH = YES;
				SDKROOT = iphoneos;
				SWIFT_COMPILATION_MODE = wholemodule;
				VALIDATE_PRODUCT = YES;
			};
			name = Release;
		};
		19CF3CE82AF4EAA200F21E87 /* Debug */ = {
			isa = XCBuildConfiguration;
			buildSettings = {
				ASSETCATALOG_COMPILER_APPICON_NAME = AppIcon;
				ASSETCATALOG_COMPILER_GLOBAL_ACCENT_COLOR_NAME = AccentColor;
				CODE_SIGN_STYLE = Automatic;
				CURRENT_PROJECT_VERSION = 1;
				DEVELOPMENT_ASSET_PATHS = "\"FacebookCloneSwiftUI/Preview Content\"";
				DEVELOPMENT_TEAM = 4AWUKLVLWG;
				ENABLE_PREVIEWS = YES;
				GENERATE_INFOPLIST_FILE = YES;
				INFOPLIST_KEY_UIApplicationSceneManifest_Generation = YES;
				INFOPLIST_KEY_UIApplicationSupportsIndirectInputEvents = YES;
				INFOPLIST_KEY_UILaunchScreen_Generation = YES;
				INFOPLIST_KEY_UISupportedInterfaceOrientations_iPad = "UIInterfaceOrientationPortrait UIInterfaceOrientationPortraitUpsideDown UIInterfaceOrientationLandscapeLeft UIInterfaceOrientationLandscapeRight";
				INFOPLIST_KEY_UISupportedInterfaceOrientations_iPhone = "UIInterfaceOrientationPortrait UIInterfaceOrientationLandscapeLeft UIInterfaceOrientationLandscapeRight";
				IPHONEOS_DEPLOYMENT_TARGET = 17;
				LD_RUNPATH_SEARCH_PATHS = (
					"$(inherited)",
					"@executable_path/Frameworks",
				);
				MARKETING_VERSION = 1.0;
				PRODUCT_BUNDLE_IDENTIFIER = app.FacebookCloneSwiftUI;
				PRODUCT_NAME = "$(TARGET_NAME)";
				SWIFT_EMIT_LOC_STRINGS = YES;
				SWIFT_VERSION = 5.0;
				TARGETED_DEVICE_FAMILY = "1,2";
			};
			name = Debug;
		};
		19CF3CE92AF4EAA200F21E87 /* Release */ = {
			isa = XCBuildConfiguration;
			buildSettings = {
				ASSETCATALOG_COMPILER_APPICON_NAME = AppIcon;
				ASSETCATALOG_COMPILER_GLOBAL_ACCENT_COLOR_NAME = AccentColor;
				CODE_SIGN_STYLE = Automatic;
				CURRENT_PROJECT_VERSION = 1;
				DEVELOPMENT_ASSET_PATHS = "\"FacebookCloneSwiftUI/Preview Content\"";
				DEVELOPMENT_TEAM = 4AWUKLVLWG;
				ENABLE_PREVIEWS = YES;
				GENERATE_INFOPLIST_FILE = YES;
				INFOPLIST_KEY_UIApplicationSceneManifest_Generation = YES;
				INFOPLIST_KEY_UIApplicationSupportsIndirectInputEvents = YES;
				INFOPLIST_KEY_UILaunchScreen_Generation = YES;
				INFOPLIST_KEY_UISupportedInterfaceOrientations_iPad = "UIInterfaceOrientationPortrait UIInterfaceOrientationPortraitUpsideDown UIInterfaceOrientationLandscapeLeft UIInterfaceOrientationLandscapeRight";
				INFOPLIST_KEY_UISupportedInterfaceOrientations_iPhone = "UIInterfaceOrientationPortrait UIInterfaceOrientationLandscapeLeft UIInterfaceOrientationLandscapeRight";
				IPHONEOS_DEPLOYMENT_TARGET = 17;
				LD_RUNPATH_SEARCH_PATHS = (
					"$(inherited)",
					"@executable_path/Frameworks",
				);
				MARKETING_VERSION = 1.0;
				PRODUCT_BUNDLE_IDENTIFIER = app.FacebookCloneSwiftUI;
				PRODUCT_NAME = "$(TARGET_NAME)";
				SWIFT_EMIT_LOC_STRINGS = YES;
				SWIFT_VERSION = 5.0;
				TARGETED_DEVICE_FAMILY = "1,2";
			};
			name = Release;
		};
/* End XCBuildConfiguration section */

/* Begin XCConfigurationList section */
		19CF3CD42AF4EAA000F21E87 /* Build configuration list for PBXProject "FacebookCloneSwiftUI" */ = {
			isa = XCConfigurationList;
			buildConfigurations = (
				19CF3CE52AF4EAA200F21E87 /* Debug */,
				19CF3CE62AF4EAA200F21E87 /* Release */,
			);
			defaultConfigurationIsVisible = 0;
			defaultConfigurationName = Release;
		};
		19CF3CE72AF4EAA200F21E87 /* Build configuration list for PBXNativeTarget "FacebookCloneSwiftUI" */ = {
			isa = XCConfigurationList;
			buildConfigurations = (
				19CF3CE82AF4EAA200F21E87 /* Debug */,
				19CF3CE92AF4EAA200F21E87 /* Release */,
			);
			defaultConfigurationIsVisible = 0;
			defaultConfigurationName = Release;
		};
/* End XCConfigurationList section */
	};
	rootObject = 19CF3CD12AF4EAA000F21E87 /* Project object */;
}
